
Microsoft Visual Studio Solution File, Format Version 12.00
# Visual Studio Version 17
VisualStudioVersion = 17.14.36511.14 d17.14
MinimumVisualStudioVersion = 10.0.40219.1
Project("{8BC9CEB8-8B4A-11D0-8D11-00A0C91BC942}") = "t6", "t6\t6.vcxproj", "{91640934-F9F8-4542-83B5-A9815A291E6D}"
EndProject
Global
	GlobalSection(SolutionConfigurationPlatforms) = preSolution
		Debug|x64 = Debug|x64
		Debug|x86 = Debug|x86
		Release|x64 = Release|x64
		Release|x86 = Release|x86
	EndGlobalSection
	GlobalSection(ProjectConfigurationPlatforms) = postSolution
		{91640934-F9F8-4542-83B5-A9815A291E6D}.Debug|x64.ActiveCfg = Debug|x64
		{91640934-F9F8-4542-83B5-A9815A291E6D}.Debug|x64.Build.0 = Debug|x64
		{91640934-F9F8-4542-83B5-A9815A291E6D}.Debug|x86.ActiveCfg = Debug|Win32
		{91640934-F9F8-4542-83B5-A9815A291E6D}.Debug|x86.Build.0 = Debug|Win32
		{91640934-F9F8-4542-83B5-A9815A291E6D}.Release|x64.ActiveCfg = Release|x64
		{91640934-F9F8-4542-83B5-A9815A291E6D}.Release|x64.Build.0 = Release|x64
		{91640934-F9F8-4542-83B5-A9815A291E6D}.Release|x86.ActiveCfg = Release|Win32
		{91640934-F9F8-4542-83B5-A9815A291E6D}.Release|x86.Build.0 = Release|Win32
	EndGlobalSection
	GlobalSection(SolutionProperties) = preSolution
		HideSolutionNode = FALSE
	EndGlobalSection
	GlobalSection(ExtensibilityGlobals) = postSolution
		SolutionGuid = {020CA046-26C0-4F1B-B44C-FF5D5B56DFA6}
	EndGlobalSection
EndGlobal
